<?xml version="1.0" encoding="utf-8"?>
<Project ToolsVersion="4.0" xmlns="http://schemas.microsoft.com/developer/msbuild/2003">
  <ItemGroup>
    <Filter Include="Source Files">
      <UniqueIdentifier>{4FC737F1-C7A5-4376-A066-2A32D752A2FF}</UniqueIdentifier>
      <Extensions>qml;cpp;c;cc;cxx;def;odl;idl;hpj;bat;asm;asmx</Extensions>
    </Filter>
    <Filter Include="Header Files">
      <UniqueIdentifier>{93995380-89BD-4b04-88EB-625FBE52EBFB}</UniqueIdentifier>
      <Extensions>h;hh;hpp;hxx;hm;inl;inc;xsd</Extensions>
    </Filter>
    <Filter Include="Resource Files">
      <UniqueIdentifier>{67DA6AB6-F800-4c08-8B7A-83BB121AAD01}</UniqueIdentifier>
      <Extensions>qrc;rc;ico;cur;bmp;dlg;rc2;rct;bin;rgs;gif;jpg;jpeg;jpe;resx;tiff;tif;png;wav;mfcribbon-ms</Extensions>
    </Filter>
    <Filter Include="Form Files">
      <UniqueIdentifier>{99349809-55BA-4b9d-BF79-8FDBB0286EB3}</UniqueIdentifier>
      <Extensions>ui</Extensions>
    </Filter>
    <Filter Include="Translation Files">
      <UniqueIdentifier>{639EADAA-A684-42e4-A9AD-28FC9BCB8F7C}</UniqueIdentifier>
      <Extensions>ts</Extensions>
    </Filter>
    <Filter Include="Source Files\UI">
      <UniqueIdentifier>{04e6f04d-27b3-40cb-bf7d-1870f971366c}</UniqueIdentifier>
    </Filter>
    <Filter Include="Header Files\UI">
      <UniqueIdentifier>{ad8b9652-85c3-47f8-9811-2045b3bc8286}</UniqueIdentifier>
    </Filter>
    <Filter Include="Header Files\uitl">
      <UniqueIdentifier>{327eec50-c118-4122-9cac-46cb220621a6}</UniqueIdentifier>
    </Filter>
    <Filter Include="Source Files\util">
      <UniqueIdentifier>{65351466-9170-46a3-b52a-7e38b9c0d185}</UniqueIdentifier>
    </Filter>
    <Filter Include="Resource Files\shaders">
      <UniqueIdentifier>{5cd05cbb-1fd6-4add-a2ee-73e98407a30f}</UniqueIdentifier>
    </Filter>
    <Filter Include="Header Files\Core">
      <UniqueIdentifier>{b3dc953a-a4aa-4894-a65a-813bc90f961e}</UniqueIdentifier>
    </Filter>
    <Filter Include="Source Files\Core">
      <UniqueIdentifier>{155b1b45-50d1-47c8-8e50-c1cb784fa8ca}</UniqueIdentifier>
    </Filter>
    <Filter Include="Header Files\Core\Noise">
      <UniqueIdentifier>{1684473a-4649-476d-97f0-66f1228976e0}</UniqueIdentifier>
    </Filter>
    <Filter Include="Source Files\Core\Noise">
      <UniqueIdentifier>{4b317bfe-b519-47f2-a169-a131db620abf}</UniqueIdentifier>
    </Filter>
  </ItemGroup>
  <ItemGroup>
    <QtRcc Include="QtWidgetsApplication1.qrc">
      <Filter>Resource Files</Filter>
    </QtRcc>
    <QtUic Include="QtWidgetsApplication1.ui">
      <Filter>Form Files</Filter>
    </QtUic>
  </ItemGroup>
  <ItemGroup>
    <ClCompile Include="main.cpp">
      <Filter>Source Files</Filter>
    </ClCompile>
    <ClCompile Include="Shader.cpp">
      <Filter>Source Files\util</Filter>
    </ClCompile>
    <ClCompile Include="Canvas.cpp">
      <Filter>Source Files\UI</Filter>
    </ClCompile>
    <ClCompile Include="ControllPanel.cpp">
      <Filter>Source Files\UI</Filter>
    </ClCompile>
    <ClCompile Include="ControllerSelector.cpp">
      <Filter>Source Files\UI</Filter>
    </ClCompile>
    <ClCompile Include="CssLoader.cpp">
      <Filter>Source Files\util</Filter>
    </ClCompile>
    <ClCompile Include="UIModel.cpp">
      <Filter>Source Files\UI</Filter>
    </ClCompile>
    <ClCompile Include="ControllSelectorDelegate.cpp">
      <Filter>Source Files\UI</Filter>
    </ClCompile>
    <ClCompile Include="TabOption.cpp">
      <Filter>Source Files</Filter>
    </ClCompile>
    <ClCompile Include="TabEntry.cpp">
      <Filter>Source Files\UI</Filter>
    </ClCompile>
    <ClCompile Include="SimpleEntry.cpp">
      <Filter>Source Files</Filter>
    </ClCompile>
    <ClCompile Include="ControllTabResponder.cpp">
      <Filter>Source Files</Filter>
    </ClCompile>
    <ClCompile Include="ControlTabDelegate.cpp">
      <Filter>Source Files\UI</Filter>
    </ClCompile>
    <ClCompile Include="FloatEdit.cpp">
      <Filter>Source Files\UI</Filter>
    </ClCompile>
    <ClCompile Include="FloatMiddleButton.cpp">
      <Filter>Source Files</Filter>
    </ClCompile>
    <ClCompile Include="FloatEditDelegate.cpp">
      <Filter>Source Files</Filter>
    </ClCompile>
    <ClCompile Include="FloatEditLabel.cpp">
      <Filter>Source Files</Filter>
    </ClCompile>
    <ClCompile Include="FloatEditPushButton.cpp">
      <Filter>Source Files</Filter>
    </ClCompile>
    <ClCompile Include="FloatEditLineEdit.cpp">
      <Filter>Source Files</Filter>
    </ClCompile>
    <ClCompile Include="EnvTab.cpp">
      <Filter>Source Files</Filter>
    </ClCompile>
    <ClCompile Include="NodeEditor.cpp">
      <Filter>Source Files\UI</Filter>
    </ClCompile>
    <ClCompile Include="NodeData.cpp">
      <Filter>Source Files\UI</Filter>
    </ClCompile>
    <ClCompile Include="NodeObject.cpp">
      <Filter>Source Files\UI</Filter>
    </ClCompile>
    <ClCompile Include="NodePool.cpp">
      <Filter>Source Files\UI</Filter>
    </ClCompile>
    <ClCompile Include="IdGenerator.cpp">
      <Filter>Source Files\UI</Filter>
    </ClCompile>
    <ClCompile Include="NodeWidget.cpp">
      <Filter>Source Files\UI</Filter>
    </ClCompile>
    <ClCompile Include="NodeWidgetResponder.cpp">
      <Filter>Source Files</Filter>
    </ClCompile>
    <ClCompile Include="FloatProgressBarResponder.cpp">
      <Filter>Source Files</Filter>
    </ClCompile>
    <ClCompile Include="FloatScrollBar.cpp">
      <Filter>Source Files\UI</Filter>
    </ClCompile>
    <ClCompile Include="NodeDataButton.cpp">
      <Filter>Source Files</Filter>
    </ClCompile>
    <ClCompile Include="NodeDataButtonResponder.cpp">
      <Filter>Source Files</Filter>
    </ClCompile>
    <ClCompile Include="NodeCurve.cpp">
      <Filter>Source Files</Filter>
    </ClCompile>
    <ClCompile Include="NodeDataAdapter.cpp">
      <Filter>Source Files</Filter>
    </ClCompile>
    <ClCompile Include="NodeDataResponder.cpp">
      <Filter>Source Files</Filter>
    </ClCompile>
    <ClCompile Include="FloatScrollNodeDataResponder.cpp">
      <Filter>Source Files</Filter>
    </ClCompile>
    <ClCompile Include="PlayerWidget.cpp">
      <Filter>Source Files\UI</Filter>
    </ClCompile>
    <ClCompile Include="TimeMachineIdentifier.cpp">
      <Filter>Source Files\UI</Filter>
    </ClCompile>
    <ClCompile Include="Header.cpp">
      <Filter>Source Files</Filter>
    </ClCompile>
    <ClCompile Include="StackedWidget.cpp">
      <Filter>Source Files</Filter>
    </ClCompile>
    <ClCompile Include="Separator.cpp">
      <Filter>Source Files</Filter>
    </ClCompile>
    <ClCompile Include="SeparatorResponder.cpp">
      <Filter>Source Files</Filter>
    </ClCompile>
    <ClCompile Include="SeparatorContainer.cpp">
      <Filter>Source Files</Filter>
    </ClCompile>
    <ClCompile Include="Camera.cpp">
      <Filter>Source Files</Filter>
    </ClCompile>
    <ClCompile Include="CanvasBackGround.cpp">
      <Filter>Source Files</Filter>
    </ClCompile>
    <ClCompile Include="Layer.cpp">
      <Filter>Source Files</Filter>
    </ClCompile>
    <ClCompile Include="TimeMachineResponder.cpp">
      <Filter>Source Files</Filter>
    </ClCompile>
    <ClCompile Include="PipelineConfig.cpp">
      <Filter>Source Files\Core</Filter>
    </ClCompile>
    <ClCompile Include="PipelineManager.cpp">
      <Filter>Source Files\Core</Filter>
    </ClCompile>
    <ClCompile Include="PipelineManagerResponder.cpp">
      <Filter>Source Files\Core</Filter>
    </ClCompile>
    <ClCompile Include="PipelineOutput.cpp">
      <Filter>Source Files\Core</Filter>
    </ClCompile>
    <ClCompile Include="OxideLayer.cpp">
      <Filter>Source Files\Core</Filter>
    </ClCompile>
    <ClCompile Include="Perlin.cpp">
      <Filter>Source Files\Core\Noise</Filter>
    </ClCompile>
    <ClCompile Include="PerlinBackGroundI.cpp">
      <Filter>Source Files</Filter>
    </ClCompile>
    <ClCompile Include="ImageHelper.cpp">
      <Filter>Source Files\Core</Filter>
    </ClCompile>
    <ClCompile Include="ColorHelper.cpp">
      <Filter>Source Files</Filter>
    </ClCompile>
    <ClCompile Include="FilmHeader.cpp">
      <Filter>Source Files</Filter>
    </ClCompile>
    <ClCompile Include="CurvatureHelper.cpp">
      <Filter>Source Files</Filter>
    </ClCompile>
    <ClCompile Include="Mesh.cpp">
      <Filter>Source Files</Filter>
    </ClCompile>
    <ClCompile Include="Model.cpp">
      <Filter>Source Files</Filter>
    </ClCompile>
    <ClCompile Include="DPD.cpp">
      <Filter>Source Files\Core\Noise</Filter>
    </ClCompile>
    <ClCompile Include="DPDPatch.cpp">
      <Filter>Source Files\Core\Noise</Filter>
    </ClCompile>
    <ClCompile Include="SulfurLayer.cpp">
      <Filter>Source Files\Core</Filter>
    </ClCompile>
    <ClCompile Include="SceneTab.cpp">
      <Filter>Source Files</Filter>
    </ClCompile>
    <ClCompile Include="SceneTabEntry.cpp">
      <Filter>Source Files</Filter>
    </ClCompile>
    <ClCompile Include="SceneTabEntryResponder.cpp">
      <Filter>Source Files</Filter>
    </ClCompile>
    <ClCompile Include="EventAdapter.cpp">
      <Filter>Source Files</Filter>
    </ClCompile>
    <ClCompile Include="EventResponder.cpp">
      <Filter>Source Files</Filter>
    </ClCompile>
    <ClCompile Include="ObjectTab.cpp">
      <Filter>Source Files</Filter>
    </ClCompile>
    <ClCompile Include="EngineTab.cpp">
      <Filter>Source Files</Filter>
    </ClCompile>
    <ClCompile Include="ObjectData.cpp">
      <Filter>Source Files</Filter>
    </ClCompile>
    <ClCompile Include="FloatEditResponder.cpp">
      <Filter>Source Files</Filter>
    </ClCompile>
    <ClCompile Include="LightData.cpp">
      <Filter>Source Files</Filter>
    </ClCompile>
  </ItemGroup>
  <ItemGroup>
    <ClInclude Include="Shader.h">
      <Filter>Header Files\uitl</Filter>
    </ClInclude>
    <ClInclude Include="ControllPanel.h">
      <Filter>Header Files\UI</Filter>
    </ClInclude>
    <ClInclude Include="ControllerSelector.h">
      <Filter>Header Files\UI</Filter>
    </ClInclude>
    <ClInclude Include="CssLoader.h">
      <Filter>Header Files\uitl</Filter>
    </ClInclude>
    <ClInclude Include="UIModel.h">
      <Filter>Header Files\UI</Filter>
    </ClInclude>
    <ClInclude Include="ControllSelectorDelegate.h">
      <Filter>Header Files\UI</Filter>
    </ClInclude>
    <ClInclude Include="TabOption.h">
      <Filter>Header Files</Filter>
    </ClInclude>
    <ClInclude Include="TabEntry.h">
      <Filter>Header Files\UI</Filter>
    </ClInclude>
    <ClInclude Include="SimpleEntry.h">
      <Filter>Header Files</Filter>
    </ClInclude>
    <ClInclude Include="ControlTabDelegate.h">
      <Filter>Header Files\UI</Filter>
    </ClInclude>
    <ClInclude Include="FloatEdit.h">
      <Filter>Header Files\UI</Filter>
    </ClInclude>
    <ClInclude Include="FloatMiddleButton.h">
      <Filter>Header Files</Filter>
    </ClInclude>
    <ClInclude Include="FloatEditDelegate.h">
      <Filter>Header Files</Filter>
    </ClInclude>
    <ClInclude Include="FloatEditLabel.h">
      <Filter>Header Files</Filter>
    </ClInclude>
    <ClInclude Include="FloatEditPushButton.h">
      <Filter>Header Files</Filter>
    </ClInclude>
    <ClInclude Include="FloatEditLineEdit.h">
      <Filter>Header Files</Filter>
    </ClInclude>
    <ClInclude Include="EnvTab.h">
      <Filter>Header Files</Filter>
    </ClInclude>
    <ClInclude Include="NodeEditor.h">
      <Filter>Header Files\UI</Filter>
    </ClInclude>
    <ClInclude Include="ControllTabResponder.h">
      <Filter>Header Files\UI</Filter>
    </ClInclude>
    <ClInclude Include="NodeData.h">
      <Filter>Header Files\UI</Filter>
    </ClInclude>
    <ClInclude Include="NodePool.h">
      <Filter>Header Files\UI</Filter>
    </ClInclude>
    <ClInclude Include="NodeObject.h">
      <Filter>Header Files\UI</Filter>
    </ClInclude>
    <ClInclude Include="node_pool_header.h">
      <Filter>Header Files\UI</Filter>
    </ClInclude>
    <ClInclude Include="NodeWidget.h">
      <Filter>Header Files\UI</Filter>
    </ClInclude>
    <ClInclude Include="IdGenerator.h">
      <Filter>Header Files\UI</Filter>
    </ClInclude>
    <ClInclude Include="NodeWidgetResponder.h">
      <Filter>Header Files</Filter>
    </ClInclude>
    <ClInclude Include="FloatProgressBarResponder.h">
      <Filter>Header Files</Filter>
    </ClInclude>
    <ClInclude Include="FloatScrollBar.h">
      <Filter>Header Files\UI</Filter>
    </ClInclude>
    <ClInclude Include="NodeDataButton.h">
      <Filter>Header Files</Filter>
    </ClInclude>
    <ClInclude Include="NodeDataButtonResponder.h">
      <Filter>Header Files</Filter>
    </ClInclude>
    <ClInclude Include="NodeCurve.h">
      <Filter>Header Files</Filter>
    </ClInclude>
    <ClInclude Include="bezier.h">
      <Filter>Header Files\UI</Filter>
    </ClInclude>
    <ClInclude Include="NodeDataAdapter.h">
      <Filter>Header Files</Filter>
    </ClInclude>
    <ClInclude Include="NodeDataResponder.h">
      <Filter>Header Files</Filter>
    </ClInclude>
    <ClInclude Include="FloatScrollNodeDataResponder.h">
      <Filter>Header Files</Filter>
    </ClInclude>
    <ClInclude Include="PlayerWidget.h">
      <Filter>Header Files\UI</Filter>
    </ClInclude>
    <ClInclude Include="Header.h">
      <Filter>Header Files</Filter>
    </ClInclude>
    <ClInclude Include="StackedWidget.h">
      <Filter>Header Files</Filter>
    </ClInclude>
    <ClInclude Include="Separator.h">
      <Filter>Header Files</Filter>
    </ClInclude>
    <ClInclude Include="SeparatorResponder.h">
      <Filter>Header Files</Filter>
    </ClInclude>
    <ClInclude Include="SeparatorContainer.h">
      <Filter>Header Files</Filter>
    </ClInclude>
    <ClInclude Include="Mesh.h">
      <Filter>Header Files</Filter>
    </ClInclude>
    <ClInclude Include="Model.h">
      <Filter>Header Files</Filter>
    </ClInclude>
    <ClInclude Include="..\..\CRustDependency\stb-master\stb-master\stb_image.h">
      <Filter>Header Files\UI</Filter>
    </ClInclude>
    <ClInclude Include="stb_header.h">
      <Filter>Header Files\UI</Filter>
    </ClInclude>
    <ClInclude Include="Camera.h">
      <Filter>Header Files</Filter>
    </ClInclude>
    <ClInclude Include="CanvasBackGround.h">
      <Filter>Header Files</Filter>
    </ClInclude>
    <ClInclude Include="Layer.h">
      <Filter>Header Files</Filter>
    </ClInclude>
    <ClInclude Include="TimeMachineResponder.h">
      <Filter>Header Files</Filter>
    </ClInclude>
    <ClInclude Include="PipelineConfig.h">
      <Filter>Header Files\Core</Filter>
    </ClInclude>
    <ClInclude Include="PipelineManager.h">
      <Filter>Header Files\Core</Filter>
    </ClInclude>
    <ClInclude Include="PipelineManagerResponder.h">
      <Filter>Header Files\Core</Filter>
    </ClInclude>
    <ClInclude Include="PipelineOutput.h">
      <Filter>Header Files\Core</Filter>
    </ClInclude>
    <ClInclude Include="OxideLayer.h">
      <Filter>Header Files\Core</Filter>
    </ClInclude>
    <ClInclude Include="Perlin.h">
      <Filter>Header Files\Core\Noise</Filter>
    </ClInclude>
    <ClInclude Include="PerlinBackGroundI.h">
      <Filter>Header Files</Filter>
    </ClInclude>
    <ClInclude Include="ImageHelper.h">
      <Filter>Header Files\Core</Filter>
    </ClInclude>
    <ClInclude Include="ColorHelper.h">
      <Filter>Header Files</Filter>
    </ClInclude>
    <ClInclude Include="FilmHeader.h">
      <Filter>Header Files</Filter>
    </ClInclude>
    <ClInclude Include="CurvatureHelper.h">
      <Filter>Header Files</Filter>
    </ClInclude>
    <ClInclude Include="DPD.h">
      <Filter>Header Files\Core\Noise</Filter>
    </ClInclude>
    <ClInclude Include="DPDPatch.h">
      <Filter>Header Files\Core\Noise</Filter>
    </ClInclude>
    <ClInclude Include="SulfurLayer.h">
      <Filter>Header Files\Core</Filter>
    </ClInclude>
    <ClInclude Include="SceneTab.h">
      <Filter>Header Files</Filter>
    </ClInclude>
    <ClInclude Include="SceneTabEntry.h">
      <Filter>Header Files</Filter>
    </ClInclude>
    <ClInclude Include="SceneTabEntryResponder.h">
      <Filter>Header Files</Filter>
    </ClInclude>
    <ClInclude Include="EventAdapter.h">
      <Filter>Header Files</Filter>
    </ClInclude>
    <ClInclude Include="EventResponder.h">
      <Filter>Header Files</Filter>
    </ClInclude>
    <ClInclude Include="ObjectTab.h">
      <Filter>Header Files</Filter>
    </ClInclude>
    <ClInclude Include="EngineTab.h">
      <Filter>Header Files</Filter>
    </ClInclude>
    <ClInclude Include="ObjectData.h">
      <Filter>Header Files</Filter>
    </ClInclude>
    <ClInclude Include="FloatEditResponder.h">
      <Filter>Header Files</Filter>
    </ClInclude>
    <ClInclude Include="LightData.h">
      <Filter>Header Files</Filter>
    </ClInclude>
  </ItemGroup>
  <ItemGroup>
    <QtMoc Include="TimeMachineIdentifier.h">
      <Filter>Header Files\UI</Filter>
    </QtMoc>
    <QtMoc Include="Canvas.h">
      <Filter>Header Files\UI</Filter>
    </QtMoc>
  </ItemGroup>
  <ItemGroup>
    <None Include="resources\shaders\tri_shader.frag">
      <Filter>Resource Files\shaders</Filter>
    </None>
    <None Include="resources\shaders\tri_shader.vert">
      <Filter>Resource Files\shaders</Filter>
    </None>
    <None Include="controller_panel_style.css">
      <Filter>Header Files\UI</Filter>
    </None>
    <None Include="control_selector.css">
      <Filter>Header Files\UI</Filter>
    </None>
    <None Include="tabentry.css">
      <Filter>Header Files\UI</Filter>
    </None>
    <None Include="float_edit_edit.css">
      <Filter>Header Files\UI</Filter>
    </None>
    <None Include="float_edit_hover.css">
      <Filter>Header Files\UI</Filter>
    </None>
    <None Include="float_edit_idle.css">
      <Filter>Header Files\UI</Filter>
    </None>
    <None Include="env_tab.css">
      <Filter>Header Files\UI</Filter>
    </None>
    <None Include="node_editor.css">
      <Filter>Header Files\UI</Filter>
    </None>
    <None Include="node_widget.css">
      <Filter>Header Files\UI</Filter>
    </None>
    <None Include="float_progressbar.css">
      <Filter>Header Files\UI</Filter>
    </None>
    <None Include="node_data_button.css">
      <Filter>Header Files\UI</Filter>
    </None>
    <None Include="selector_button_active.css">
      <Filter>Header Files\UI</Filter>
    </None>
    <None Include="player_widget.css">
      <Filter>Header Files\UI</Filter>
    </None>
    <None Include="time_machine_identifier.css">
      <Filter>Header Files\UI</Filter>
    </None>
    <None Include="header.css">
      <Filter>Header Files\UI</Filter>
    </None>
    <None Include="our_father.css">
      <Filter>Header Files\UI</Filter>
    </None>
    <None Include="canvas.css">
      <Filter>Header Files\UI</Filter>
    </None>
    <None Include="resources\shaders\grid_shader.frag">
      <Filter>Resource Files\shaders</Filter>
    </None>
    <None Include="resources\shaders\grid_shader.vert">
      <Filter>Resource Files\shaders</Filter>
    </None>
    <None Include="resources\shaders\common_shader.frag">
      <Filter>Resource Files\shaders</Filter>
    </None>
    <None Include="resources\shaders\common_shader.vert">
      <Filter>Resource Files\shaders</Filter>
    </None>
    <None Include="svpng.inc">
      <Filter>Header Files</Filter>
    </None>
    <None Include="scene.css">
      <Filter>Header Files</Filter>
    </None>
    <None Include="obejct_tab.css">
      <Filter>Header Files</Filter>
    </None>
  </ItemGroup>
</Project>