<?xml version="1.0" encoding="utf-8"?>
<Project ToolsVersion="4.0" xmlns="http://schemas.microsoft.com/developer/msbuild/2003">
  <ItemGroup>
    <Filter Include="Source Files">
      <UniqueIdentifier>{4FC737F1-C7A5-4376-A066-2A32D752A2FF}</UniqueIdentifier>
      <Extensions>qml;cpp;c;cc;cxx;def;odl;idl;hpj;bat;asm;asmx</Extensions>
    </Filter>
    <Filter Include="Header Files">
      <UniqueIdentifier>{93995380-89BD-4b04-88EB-625FBE52EBFB}</UniqueIdentifier>
      <Extensions>h;hh;hpp;hxx;hm;inl;inc;xsd</Extensions>
    </Filter>
    <Filter Include="Resource Files">
      <UniqueIdentifier>{67DA6AB6-F800-4c08-8B7A-83BB121AAD01}</UniqueIdentifier>
      <Extensions>qrc;rc;ico;cur;bmp;dlg;rc2;rct;bin;rgs;gif;jpg;jpeg;jpe;resx;tiff;tif;png;wav;mfcribbon-ms</Extensions>
    </Filter>
    <Filter Include="Form Files">
      <UniqueIdentifier>{99349809-55BA-4b9d-BF79-8FDBB0286EB3}</UniqueIdentifier>
      <Extensions>ui</Extensions>
    </Filter>
    <Filter Include="Translation Files">
      <UniqueIdentifier>{639EADAA-A684-42e4-A9AD-28FC9BCB8F7C}</UniqueIdentifier>
      <Extensions>ts</Extensions>
    </Filter>
    <Filter Include="Source Files\UI">
      <UniqueIdentifier>{04e6f04d-27b3-40cb-bf7d-1870f971366c}</UniqueIdentifier>
    </Filter>
    <Filter Include="Header Files\UI">
      <UniqueIdentifier>{ad8b9652-85c3-47f8-9811-2045b3bc8286}</UniqueIdentifier>
    </Filter>
    <Filter Include="Header Files\uitl">
      <UniqueIdentifier>{327eec50-c118-4122-9cac-46cb220621a6}</UniqueIdentifier>
    </Filter>
    <Filter Include="Source Files\util">
      <UniqueIdentifier>{65351466-9170-46a3-b52a-7e38b9c0d185}</UniqueIdentifier>
    </Filter>
    <Filter Include="Resource Files\shaders">
      <UniqueIdentifier>{5cd05cbb-1fd6-4add-a2ee-73e98407a30f}</UniqueIdentifier>
    </Filter>
    <Filter Include="Header Files\Core">
      <UniqueIdentifier>{b3dc953a-a4aa-4894-a65a-813bc90f961e}</UniqueIdentifier>
    </Filter>
    <Filter Include="Source Files\Core">
      <UniqueIdentifier>{155b1b45-50d1-47c8-8e50-c1cb784fa8ca}</UniqueIdentifier>
    </Filter>
    <Filter Include="Header Files\Core\Noise">
      <UniqueIdentifier>{1684473a-4649-476d-97f0-66f1228976e0}</UniqueIdentifier>
    </Filter>
    <Filter Include="Source Files\Core\Noise">
      <UniqueIdentifier>{4b317bfe-b519-47f2-a169-a131db620abf}</UniqueIdentifier>
    </Filter>
    <Filter Include="Header Files\Core\Sampler">
      <UniqueIdentifier>{c68c266a-e984-4a51-a942-cbccbaad5ab7}</UniqueIdentifier>
    </Filter>
    <Filter Include="Source Files\Core\Sampler">
      <UniqueIdentifier>{075f3e02-6723-41eb-a8b5-73311a6b4dea}</UniqueIdentifier>
    </Filter>
    <Filter Include="Header Files\UI\NodeEditorWidgets">
      <UniqueIdentifier>{aee8ac38-be0b-453c-8519-6a37987a907d}</UniqueIdentifier>
    </Filter>
    <Filter Include="Source Files\UI\NodeEditorWidgets">
      <UniqueIdentifier>{a084a2c6-b0c0-4f05-83ee-57fce0f5d59e}</UniqueIdentifier>
    </Filter>
    <Filter Include="Resource Files\styles">
      <UniqueIdentifier>{ffda15db-7b0c-4b0b-88ec-65e09844f98e}</UniqueIdentifier>
    </Filter>
    <Filter Include="Header Files\Core\Layers">
      <UniqueIdentifier>{bcde4a2e-3854-43f3-ae2d-99a89a41bdd8}</UniqueIdentifier>
    </Filter>
    <Filter Include="Source Files\Core\Layers">
      <UniqueIdentifier>{8c5c6e1f-7b5d-4788-a8da-e4f65c320f9c}</UniqueIdentifier>
    </Filter>
    <Filter Include="Source Files\util\JsonHelper">
      <UniqueIdentifier>{eece2668-71d5-40f4-8fb1-ad2f3dfdaa02}</UniqueIdentifier>
    </Filter>
  </ItemGroup>
  <ItemGroup>
    <QtRcc Include="QtWidgetsApplication1.qrc">
      <Filter>Resource Files</Filter>
    </QtRcc>
    <QtUic Include="QtWidgetsApplication1.ui">
      <Filter>Form Files</Filter>
    </QtUic>
  </ItemGroup>
  <ItemGroup>
    <ClCompile Include="main.cpp">
      <Filter>Source Files</Filter>
    </ClCompile>
    <ClCompile Include="Shader.cpp">
      <Filter>Source Files\util</Filter>
    </ClCompile>
    <ClCompile Include="Canvas.cpp">
      <Filter>Source Files\UI</Filter>
    </ClCompile>
    <ClCompile Include="ControllPanel.cpp">
      <Filter>Source Files\UI</Filter>
    </ClCompile>
    <ClCompile Include="ControllerSelector.cpp">
      <Filter>Source Files\UI</Filter>
    </ClCompile>
    <ClCompile Include="CssLoader.cpp">
      <Filter>Source Files\util</Filter>
    </ClCompile>
    <ClCompile Include="UIModel.cpp">
      <Filter>Source Files\UI</Filter>
    </ClCompile>
    <ClCompile Include="ControllSelectorDelegate.cpp">
      <Filter>Source Files\UI</Filter>
    </ClCompile>
    <ClCompile Include="TabOption.cpp">
      <Filter>Source Files</Filter>
    </ClCompile>
    <ClCompile Include="TabEntry.cpp">
      <Filter>Source Files\UI</Filter>
    </ClCompile>
    <ClCompile Include="SimpleEntry.cpp">
      <Filter>Source Files</Filter>
    </ClCompile>
    <ClCompile Include="ControllTabResponder.cpp">
      <Filter>Source Files</Filter>
    </ClCompile>
    <ClCompile Include="ControlTabDelegate.cpp">
      <Filter>Source Files\UI</Filter>
    </ClCompile>
    <ClCompile Include="FloatEdit.cpp">
      <Filter>Source Files\UI</Filter>
    </ClCompile>
    <ClCompile Include="FloatMiddleButton.cpp">
      <Filter>Source Files</Filter>
    </ClCompile>
    <ClCompile Include="FloatEditDelegate.cpp">
      <Filter>Source Files</Filter>
    </ClCompile>
    <ClCompile Include="FloatEditLabel.cpp">
      <Filter>Source Files</Filter>
    </ClCompile>
    <ClCompile Include="FloatEditPushButton.cpp">
      <Filter>Source Files</Filter>
    </ClCompile>
    <ClCompile Include="FloatEditLineEdit.cpp">
      <Filter>Source Files</Filter>
    </ClCompile>
    <ClCompile Include="EnvTab.cpp">
      <Filter>Source Files</Filter>
    </ClCompile>
    <ClCompile Include="NodeData.cpp">
      <Filter>Source Files\UI</Filter>
    </ClCompile>
    <ClCompile Include="NodeObject.cpp">
      <Filter>Source Files\UI</Filter>
    </ClCompile>
    <ClCompile Include="NodePool.cpp">
      <Filter>Source Files\UI</Filter>
    </ClCompile>
    <ClCompile Include="IdGenerator.cpp">
      <Filter>Source Files\UI</Filter>
    </ClCompile>
    <ClCompile Include="NodeWidgetResponder.cpp">
      <Filter>Source Files</Filter>
    </ClCompile>
    <ClCompile Include="FloatProgressBarResponder.cpp">
      <Filter>Source Files</Filter>
    </ClCompile>
    <ClCompile Include="FloatScrollBar.cpp">
      <Filter>Source Files\UI</Filter>
    </ClCompile>
    <ClCompile Include="NodeDataButton.cpp">
      <Filter>Source Files</Filter>
    </ClCompile>
    <ClCompile Include="NodeDataButtonResponder.cpp">
      <Filter>Source Files</Filter>
    </ClCompile>
    <ClCompile Include="NodeCurve.cpp">
      <Filter>Source Files</Filter>
    </ClCompile>
    <ClCompile Include="NodeDataAdapter.cpp">
      <Filter>Source Files</Filter>
    </ClCompile>
    <ClCompile Include="NodeDataResponder.cpp">
      <Filter>Source Files</Filter>
    </ClCompile>
    <ClCompile Include="FloatScrollNodeDataResponder.cpp">
      <Filter>Source Files</Filter>
    </ClCompile>
    <ClCompile Include="PlayerWidget.cpp">
      <Filter>Source Files\UI</Filter>
    </ClCompile>
    <ClCompile Include="TimeMachineIdentifier.cpp">
      <Filter>Source Files\UI</Filter>
    </ClCompile>
    <ClCompile Include="Header.cpp">
      <Filter>Source Files</Filter>
    </ClCompile>
    <ClCompile Include="StackedWidget.cpp">
      <Filter>Source Files</Filter>
    </ClCompile>
    <ClCompile Include="Separator.cpp">
      <Filter>Source Files</Filter>
    </ClCompile>
    <ClCompile Include="SeparatorResponder.cpp">
      <Filter>Source Files</Filter>
    </ClCompile>
    <ClCompile Include="SeparatorContainer.cpp">
      <Filter>Source Files</Filter>
    </ClCompile>
    <ClCompile Include="Camera.cpp">
      <Filter>Source Files</Filter>
    </ClCompile>
    <ClCompile Include="CanvasBackGround.cpp">
      <Filter>Source Files</Filter>
    </ClCompile>
    <ClCompile Include="Layer.cpp">
      <Filter>Source Files</Filter>
    </ClCompile>
    <ClCompile Include="TimeMachineResponder.cpp">
      <Filter>Source Files</Filter>
    </ClCompile>
    <ClCompile Include="PipelineConfig.cpp">
      <Filter>Source Files\Core</Filter>
    </ClCompile>
    <ClCompile Include="PipelineManager.cpp">
      <Filter>Source Files\Core</Filter>
    </ClCompile>
    <ClCompile Include="PipelineManagerResponder.cpp">
      <Filter>Source Files\Core</Filter>
    </ClCompile>
    <ClCompile Include="PipelineOutput.cpp">
      <Filter>Source Files\Core</Filter>
    </ClCompile>
    <ClCompile Include="Perlin.cpp">
      <Filter>Source Files\Core\Noise</Filter>
    </ClCompile>
    <ClCompile Include="PerlinBackGroundI.cpp">
      <Filter>Source Files</Filter>
    </ClCompile>
    <ClCompile Include="ImageHelper.cpp">
      <Filter>Source Files\Core</Filter>
    </ClCompile>
    <ClCompile Include="ColorHelper.cpp">
      <Filter>Source Files</Filter>
    </ClCompile>
    <ClCompile Include="FilmHeader.cpp">
      <Filter>Source Files</Filter>
    </ClCompile>
    <ClCompile Include="CurvatureHelper.cpp">
      <Filter>Source Files</Filter>
    </ClCompile>
    <ClCompile Include="Mesh.cpp">
      <Filter>Source Files</Filter>
    </ClCompile>
    <ClCompile Include="Model.cpp">
      <Filter>Source Files</Filter>
    </ClCompile>
    <ClCompile Include="DPD.cpp">
      <Filter>Source Files\Core\Noise</Filter>
    </ClCompile>
    <ClCompile Include="DPDPatch.cpp">
      <Filter>Source Files\Core\Noise</Filter>
    </ClCompile>
    <ClCompile Include="SceneTab.cpp">
      <Filter>Source Files</Filter>
    </ClCompile>
    <ClCompile Include="SceneTabEntry.cpp">
      <Filter>Source Files</Filter>
    </ClCompile>
    <ClCompile Include="SceneTabEntryResponder.cpp">
      <Filter>Source Files</Filter>
    </ClCompile>
    <ClCompile Include="EventAdapter.cpp">
      <Filter>Source Files</Filter>
    </ClCompile>
    <ClCompile Include="EventResponder.cpp">
      <Filter>Source Files</Filter>
    </ClCompile>
    <ClCompile Include="ObjectTab.cpp">
      <Filter>Source Files</Filter>
    </ClCompile>
    <ClCompile Include="EngineTab.cpp">
      <Filter>Source Files</Filter>
    </ClCompile>
    <ClCompile Include="ObjectData.cpp">
      <Filter>Source Files</Filter>
    </ClCompile>
    <ClCompile Include="FloatEditResponder.cpp">
      <Filter>Source Files</Filter>
    </ClCompile>
    <ClCompile Include="LightData.cpp">
      <Filter>Source Files</Filter>
    </ClCompile>
    <ClCompile Include="HeaderTab.cpp">
      <Filter>Source Files</Filter>
    </ClCompile>
    <ClCompile Include="HeaderTabEntry.cpp">
      <Filter>Source Files</Filter>
    </ClCompile>
    <ClCompile Include="HeaderTabResponder.cpp">
      <Filter>Source Files</Filter>
    </ClCompile>
    <ClCompile Include="FileSelector.cpp">
      <Filter>Source Files</Filter>
    </ClCompile>
    <ClCompile Include="FileSelectorResponder.cpp">
      <Filter>Source Files</Filter>
    </ClCompile>
    <ClCompile Include="LayerTab.cpp">
      <Filter>Source Files</Filter>
    </ClCompile>
    <ClCompile Include="NodeEditorPanelResponder.cpp">
      <Filter>Source Files</Filter>
    </ClCompile>
    <ClCompile Include="CustomComboBox.cpp">
      <Filter>Source Files</Filter>
    </ClCompile>
    <ClCompile Include="LabeledComboBox.cpp">
      <Filter>Source Files</Filter>
    </ClCompile>
    <ClCompile Include="LabeledComboBoxResponder.cpp">
      <Filter>Source Files</Filter>
    </ClCompile>
    <ClCompile Include="MyRandom.cpp">
      <Filter>Source Files\util</Filter>
    </ClCompile>
    <ClCompile Include="_3DBlueNoiseSampler.cpp">
      <Filter>Source Files\Core\Sampler</Filter>
    </ClCompile>
    <ClCompile Include="NodeLineEditor.cpp">
      <Filter>Source Files\UI\NodeEditorWidgets</Filter>
    </ClCompile>
    <ClCompile Include="NodeWidgetLabel.cpp">
      <Filter>Source Files\UI\NodeEditorWidgets</Filter>
    </ClCompile>
    <ClCompile Include="NodeWidget.cpp">
      <Filter>Source Files\UI\NodeEditorWidgets</Filter>
    </ClCompile>
    <ClCompile Include="CustomLayerNodeWidget.cpp">
      <Filter>Source Files\UI\NodeEditorWidgets</Filter>
    </ClCompile>
    <ClCompile Include="NodeWidgetPalette.cpp">
      <Filter>Source Files\UI\NodeEditorWidgets</Filter>
    </ClCompile>
    <ClCompile Include="LayerMachineNodeWidget.cpp">
      <Filter>Source Files\UI\NodeEditorWidgets</Filter>
    </ClCompile>
    <ClCompile Include="NodeEditor.cpp">
      <Filter>Source Files\UI\NodeEditorWidgets</Filter>
    </ClCompile>
    <ClCompile Include="CustomLayer.cpp">
      <Filter>Source Files\Core\Layers</Filter>
    </ClCompile>
    <ClCompile Include="OxideLayer.cpp">
      <Filter>Source Files\Core\Layers</Filter>
    </ClCompile>
    <ClCompile Include="SulfurLayer.cpp">
      <Filter>Source Files\Core\Layers</Filter>
    </ClCompile>
    <ClCompile Include="AlgArgAnalyzer.cpp">
      <Filter>Source Files\Core</Filter>
    </ClCompile>
    <ClCompile Include="RuleWrapper.cpp">
      <Filter>Source Files</Filter>
    </ClCompile>
    <ClCompile Include="CustomLayerBuilder.cpp">
      <Filter>Source Files\Core\Layers</Filter>
    </ClCompile>
    <ClCompile Include="CustomPerlinLayer.cpp">
      <Filter>Source Files\Core\Layers</Filter>
    </ClCompile>
    <ClCompile Include="PerlinLayerNodeWidget.cpp">
      <Filter>Source Files\UI\NodeEditorWidgets</Filter>
    </ClCompile>
    <ClCompile Include="NodeEditorPanel.cpp">
      <Filter>Source Files\UI\NodeEditorWidgets</Filter>
    </ClCompile>
    <ClCompile Include="NodeWidgetLayerConfigLabel.cpp">
      <Filter>Source Files\UI\NodeEditorWidgets</Filter>
    </ClCompile>
    <ClCompile Include="CustomDPDLayer.cpp">
      <Filter>Source Files\Core\Layers</Filter>
    </ClCompile>
    <ClCompile Include="DPDLayerNodeWidget.cpp">
      <Filter>Source Files\UI\NodeEditorWidgets</Filter>
    </ClCompile>
    <ClCompile Include="StringHelper.cpp">
      <Filter>Source Files\util\JsonHelper</Filter>
    </ClCompile>
    <ClCompile Include="NodeEditorData.cpp">
      <Filter>Source Files</Filter>
    </ClCompile>
    <ClCompile Include="Archive.cpp">
      <Filter>Source Files\util</Filter>
    </ClCompile>
    <ClCompile Include="BakeTab.cpp">
      <Filter>Source Files\UI</Filter>
    </ClCompile>
    <ClCompile Include="Source\UI\DisplayPanel.cpp">
      <Filter>Source Files\UI</Filter>
    </ClCompile>
  </ItemGroup>
  <ItemGroup>
    <ClInclude Include="Shader.h">
      <Filter>Header Files\uitl</Filter>
    </ClInclude>
    <ClInclude Include="CssLoader.h">
      <Filter>Header Files\uitl</Filter>
    </ClInclude>
    <ClInclude Include="TabOption.h">
      <Filter>Header Files</Filter>
    </ClInclude>
    <ClInclude Include="SimpleEntry.h">
      <Filter>Header Files</Filter>
    </ClInclude>
    <ClInclude Include="FloatMiddleButton.h">
      <Filter>Header Files</Filter>
    </ClInclude>
    <ClInclude Include="FloatEditDelegate.h">
      <Filter>Header Files</Filter>
    </ClInclude>
    <ClInclude Include="FloatEditLabel.h">
      <Filter>Header Files</Filter>
    </ClInclude>
    <ClInclude Include="FloatEditPushButton.h">
      <Filter>Header Files</Filter>
    </ClInclude>
    <ClInclude Include="FloatEditLineEdit.h">
      <Filter>Header Files</Filter>
    </ClInclude>
    <ClInclude Include="EnvTab.h">
      <Filter>Header Files</Filter>
    </ClInclude>
    <ClInclude Include="FloatProgressBarResponder.h">
      <Filter>Header Files</Filter>
    </ClInclude>
    <ClInclude Include="FloatScrollNodeDataResponder.h">
      <Filter>Header Files</Filter>
    </ClInclude>
    <ClInclude Include="Header.h">
      <Filter>Header Files</Filter>
    </ClInclude>
    <ClInclude Include="StackedWidget.h">
      <Filter>Header Files</Filter>
    </ClInclude>
    <ClInclude Include="Separator.h">
      <Filter>Header Files</Filter>
    </ClInclude>
    <ClInclude Include="SeparatorResponder.h">
      <Filter>Header Files</Filter>
    </ClInclude>
    <ClInclude Include="SeparatorContainer.h">
      <Filter>Header Files</Filter>
    </ClInclude>
    <ClInclude Include="Mesh.h">
      <Filter>Header Files</Filter>
    </ClInclude>
    <ClInclude Include="Model.h">
      <Filter>Header Files</Filter>
    </ClInclude>
    <ClInclude Include="..\..\CRustDependency\stb-master\stb-master\stb_image.h">
      <Filter>Header Files\UI</Filter>
    </ClInclude>
    <ClInclude Include="CanvasBackGround.h">
      <Filter>Header Files</Filter>
    </ClInclude>
    <ClInclude Include="Layer.h">
      <Filter>Header Files</Filter>
    </ClInclude>
    <ClInclude Include="PerlinBackGroundI.h">
      <Filter>Header Files</Filter>
    </ClInclude>
    <ClInclude Include="ColorHelper.h">
      <Filter>Header Files</Filter>
    </ClInclude>
    <ClInclude Include="FilmHeader.h">
      <Filter>Header Files</Filter>
    </ClInclude>
    <ClInclude Include="CurvatureHelper.h">
      <Filter>Header Files</Filter>
    </ClInclude>
    <ClInclude Include="SceneTab.h">
      <Filter>Header Files</Filter>
    </ClInclude>
    <ClInclude Include="SceneTabEntry.h">
      <Filter>Header Files</Filter>
    </ClInclude>
    <ClInclude Include="SceneTabEntryResponder.h">
      <Filter>Header Files</Filter>
    </ClInclude>
    <ClInclude Include="EventAdapter.h">
      <Filter>Header Files</Filter>
    </ClInclude>
    <ClInclude Include="EventResponder.h">
      <Filter>Header Files</Filter>
    </ClInclude>
    <ClInclude Include="ObjectTab.h">
      <Filter>Header Files</Filter>
    </ClInclude>
    <ClInclude Include="EngineTab.h">
      <Filter>Header Files</Filter>
    </ClInclude>
    <ClInclude Include="ObjectData.h">
      <Filter>Header Files</Filter>
    </ClInclude>
    <ClInclude Include="FloatEditResponder.h">
      <Filter>Header Files</Filter>
    </ClInclude>
    <ClInclude Include="LightData.h">
      <Filter>Header Files</Filter>
    </ClInclude>
    <ClInclude Include="HeaderTab.h">
      <Filter>Header Files</Filter>
    </ClInclude>
    <ClInclude Include="HeaderTabEntry.h">
      <Filter>Header Files</Filter>
    </ClInclude>
    <ClInclude Include="HeaderTabResponder.h">
      <Filter>Header Files</Filter>
    </ClInclude>
    <ClInclude Include="FileSelector.h">
      <Filter>Header Files</Filter>
    </ClInclude>
    <ClInclude Include="FileSelectorResponder.h">
      <Filter>Header Files</Filter>
    </ClInclude>
    <ClInclude Include="LayerTab.h">
      <Filter>Header Files</Filter>
    </ClInclude>
    <ClInclude Include="LabeledComboBox.h">
      <Filter>Header Files</Filter>
    </ClInclude>
    <ClInclude Include="LabeledComboBoxResponder.h">
      <Filter>Header Files</Filter>
    </ClInclude>
    <ClInclude Include="MyRandom.h">
      <Filter>Header Files\uitl</Filter>
    </ClInclude>
    <ClInclude Include="MeshProperty.h">
      <Filter>Header Files</Filter>
    </ClInclude>
    <ClInclude Include="RuleWrapper.h">
      <Filter>Header Files</Filter>
    </ClInclude>
    <ClInclude Include="string_defs.h">
      <Filter>Source Files\util\JsonHelper</Filter>
    </ClInclude>
    <ClInclude Include="StringHelper.h">
      <Filter>Source Files\util\JsonHelper</Filter>
    </ClInclude>
    <ClInclude Include="Archive.h">
      <Filter>Header Files\uitl</Filter>
    </ClInclude>
    <ClInclude Include="Header\Core\Layers\CustomDPDLayer.h">
      <Filter>Header Files\Core\Layers</Filter>
    </ClInclude>
    <ClInclude Include="Header\Core\Layers\CustomLayer.h">
      <Filter>Header Files\Core\Layers</Filter>
    </ClInclude>
    <ClInclude Include="Header\Core\Layers\CustomLayerBuilder.h">
      <Filter>Header Files\Core\Layers</Filter>
    </ClInclude>
    <ClInclude Include="Header\Core\Layers\CustomPerlinLayer.h">
      <Filter>Header Files\Core\Layers</Filter>
    </ClInclude>
    <ClInclude Include="Header\Core\Layers\LayerConfig.h">
      <Filter>Header Files\Core\Layers</Filter>
    </ClInclude>
    <ClInclude Include="Header\Core\Layers\OxideLayer.h">
      <Filter>Header Files\Core\Layers</Filter>
    </ClInclude>
    <ClInclude Include="Header\Core\Layers\SulfurLayer.h">
      <Filter>Header Files\Core\Layers</Filter>
    </ClInclude>
    <ClInclude Include="Header\Core\Noise\DPD.h">
      <Filter>Header Files\Core\Noise</Filter>
    </ClInclude>
    <ClInclude Include="Header\Core\Noise\DPDPatch.h">
      <Filter>Header Files\Core\Noise</Filter>
    </ClInclude>
    <ClInclude Include="Header\Core\Noise\Perlin.h">
      <Filter>Header Files\Core\Noise</Filter>
    </ClInclude>
    <ClInclude Include="Header\Core\Sampler\_3DBlueNoiseSampler.h">
      <Filter>Header Files\Core\Sampler</Filter>
    </ClInclude>
    <ClInclude Include="Header\Core\AlgArgAnalyzer.h">
      <Filter>Header Files\Core</Filter>
    </ClInclude>
    <ClInclude Include="Header\Core\Camera.h">
      <Filter>Header Files\Core</Filter>
    </ClInclude>
    <ClInclude Include="Header\Core\ImageHelper.h">
      <Filter>Header Files\Core</Filter>
    </ClInclude>
    <ClInclude Include="Header\Core\PipelineConfig.h">
      <Filter>Header Files\Core</Filter>
    </ClInclude>
    <ClInclude Include="Header\Core\PipelineManager.h">
      <Filter>Header Files\Core</Filter>
    </ClInclude>
    <ClInclude Include="Header\Core\PipelineManagerResponder.h">
      <Filter>Header Files\Core</Filter>
    </ClInclude>
    <ClInclude Include="Header\Core\PipelineOutput.h">
      <Filter>Header Files\Core</Filter>
    </ClInclude>
    <ClInclude Include="Header\UI\NodeEditorWidgets\CustomComboBox.h">
      <Filter>Header Files\UI\NodeEditorWidgets</Filter>
    </ClInclude>
    <ClInclude Include="Header\UI\NodeEditorWidgets\CustomLayerNodeWidget.h">
      <Filter>Header Files\UI\NodeEditorWidgets</Filter>
    </ClInclude>
    <ClInclude Include="Header\UI\NodeEditorWidgets\DPDLayerNodeWidget.h">
      <Filter>Header Files\UI\NodeEditorWidgets</Filter>
    </ClInclude>
    <ClInclude Include="Header\UI\NodeEditorWidgets\LayerMachineNodeWidget.h">
      <Filter>Header Files\UI\NodeEditorWidgets</Filter>
    </ClInclude>
    <ClInclude Include="Header\UI\NodeEditorWidgets\NodeCurve.h">
      <Filter>Header Files\UI\NodeEditorWidgets</Filter>
    </ClInclude>
    <ClInclude Include="Header\UI\NodeEditorWidgets\NodeData.h">
      <Filter>Header Files\UI\NodeEditorWidgets</Filter>
    </ClInclude>
    <ClInclude Include="Header\UI\NodeEditorWidgets\NodeDataAdapter.h">
      <Filter>Header Files\UI\NodeEditorWidgets</Filter>
    </ClInclude>
    <ClInclude Include="Header\UI\NodeEditorWidgets\NodeDataButton.h">
      <Filter>Header Files\UI\NodeEditorWidgets</Filter>
    </ClInclude>
    <ClInclude Include="Header\UI\NodeEditorWidgets\NodeDataButtonResponder.h">
      <Filter>Header Files\UI\NodeEditorWidgets</Filter>
    </ClInclude>
    <ClInclude Include="Header\UI\NodeEditorWidgets\NodeDataResponder.h">
      <Filter>Header Files\UI\NodeEditorWidgets</Filter>
    </ClInclude>
    <ClInclude Include="Header\UI\NodeEditorWidgets\NodeEditor.h">
      <Filter>Header Files\UI\NodeEditorWidgets</Filter>
    </ClInclude>
    <ClInclude Include="Header\UI\NodeEditorWidgets\NodeEditorData.h">
      <Filter>Header Files\UI\NodeEditorWidgets</Filter>
    </ClInclude>
    <ClInclude Include="Header\UI\NodeEditorWidgets\NodeEditorPanel.h">
      <Filter>Header Files\UI\NodeEditorWidgets</Filter>
    </ClInclude>
    <ClInclude Include="Header\UI\NodeEditorWidgets\NodeEditorPanelResponder.h">
      <Filter>Header Files\UI\NodeEditorWidgets</Filter>
    </ClInclude>
    <ClInclude Include="Header\UI\NodeEditorWidgets\NodeLineEditor.h">
      <Filter>Header Files\UI\NodeEditorWidgets</Filter>
    </ClInclude>
    <ClInclude Include="Header\UI\NodeEditorWidgets\NodeObject.h">
      <Filter>Header Files\UI\NodeEditorWidgets</Filter>
    </ClInclude>
    <ClInclude Include="Header\UI\NodeEditorWidgets\NodePool.h">
      <Filter>Header Files\UI\NodeEditorWidgets</Filter>
    </ClInclude>
    <ClInclude Include="Header\UI\NodeEditorWidgets\NodeWidget.h">
      <Filter>Header Files\UI\NodeEditorWidgets</Filter>
    </ClInclude>
    <ClInclude Include="Header\UI\NodeEditorWidgets\NodeWidgetLabel.h">
      <Filter>Header Files\UI\NodeEditorWidgets</Filter>
    </ClInclude>
    <ClInclude Include="Header\UI\NodeEditorWidgets\NodeWidgetLayerConfigLabel.h">
      <Filter>Header Files\UI\NodeEditorWidgets</Filter>
    </ClInclude>
    <ClInclude Include="Header\UI\NodeEditorWidgets\NodeWidgetPalette.h">
      <Filter>Header Files\UI\NodeEditorWidgets</Filter>
    </ClInclude>
    <ClInclude Include="Header\UI\NodeEditorWidgets\NodeWidgetResponder.h">
      <Filter>Header Files\UI\NodeEditorWidgets</Filter>
    </ClInclude>
    <ClInclude Include="Header\UI\NodeEditorWidgets\PerlinLayerNodeWidget.h">
      <Filter>Header Files\UI\NodeEditorWidgets</Filter>
    </ClInclude>
    <ClInclude Include="Header\UI\BakeInfo.h">
      <Filter>Header Files\UI</Filter>
    </ClInclude>
    <ClInclude Include="Header\UI\BakeTab.h">
      <Filter>Header Files\UI</Filter>
    </ClInclude>
    <ClInclude Include="Header\UI\bezier.h">
      <Filter>Header Files\UI</Filter>
    </ClInclude>
    <ClInclude Include="Header\UI\ControllerSelector.h">
      <Filter>Header Files\UI</Filter>
    </ClInclude>
    <ClInclude Include="Header\UI\ControllPanel.h">
      <Filter>Header Files\UI</Filter>
    </ClInclude>
    <ClInclude Include="Header\UI\ControllSelectorDelegate.h">
      <Filter>Header Files\UI</Filter>
    </ClInclude>
    <ClInclude Include="Header\UI\ControllTabResponder.h">
      <Filter>Header Files\UI</Filter>
    </ClInclude>
    <ClInclude Include="Header\UI\ControlTabDelegate.h">
      <Filter>Header Files\UI</Filter>
    </ClInclude>
    <ClInclude Include="Header\UI\EngineTab.h">
      <Filter>Header Files\UI</Filter>
    </ClInclude>
    <ClInclude Include="Header\UI\EnvTab.h">
      <Filter>Header Files\UI</Filter>
    </ClInclude>
    <ClInclude Include="Header\UI\FileSelector.h">
      <Filter>Header Files\UI</Filter>
    </ClInclude>
    <ClInclude Include="Header\UI\FileSelectorResponder.h">
      <Filter>Header Files\UI</Filter>
    </ClInclude>
    <ClInclude Include="Header\UI\FloatEdit.h">
      <Filter>Header Files\UI</Filter>
    </ClInclude>
    <ClInclude Include="Header\UI\FloatEditLabel.h">
      <Filter>Header Files\UI</Filter>
    </ClInclude>
    <ClInclude Include="Header\UI\FloatEditLineEdit.h">
      <Filter>Header Files\UI</Filter>
    </ClInclude>
    <ClInclude Include="Header\UI\FloatEditPushButton.h">
      <Filter>Header Files\UI</Filter>
    </ClInclude>
    <ClInclude Include="Header\UI\FloatEditResponder.h">
      <Filter>Header Files\UI</Filter>
    </ClInclude>
    <ClInclude Include="Header\UI\FloatMiddleButton.h">
      <Filter>Header Files\UI</Filter>
    </ClInclude>
    <ClInclude Include="Header\UI\FloatProgressBarResponder.h">
      <Filter>Header Files\UI</Filter>
    </ClInclude>
    <ClInclude Include="Header\UI\FloatScrollBar.h">
      <Filter>Header Files\UI</Filter>
    </ClInclude>
    <ClInclude Include="Header\UI\FloatScrollNodeDataResponder.h">
      <Filter>Header Files\UI</Filter>
    </ClInclude>
    <ClInclude Include="Header\UI\Header.h">
      <Filter>Header Files\UI</Filter>
    </ClInclude>
    <ClInclude Include="Header\UI\HeaderTab.h">
      <Filter>Header Files\UI</Filter>
    </ClInclude>
    <ClInclude Include="Header\UI\HeaderTabEntry.h">
      <Filter>Header Files\UI</Filter>
    </ClInclude>
    <ClInclude Include="Header\UI\HeaderTabResponder.h">
      <Filter>Header Files\UI</Filter>
    </ClInclude>
    <ClInclude Include="Header\UI\IdGenerator.h">
      <Filter>Header Files\UI</Filter>
    </ClInclude>
    <ClInclude Include="Header\UI\LabeledComboBox.h">
      <Filter>Header Files\UI</Filter>
    </ClInclude>
    <ClInclude Include="Header\UI\LabeledComboBoxResponder.h">
      <Filter>Header Files\UI</Filter>
    </ClInclude>
    <ClInclude Include="Header\UI\LayerTab.h">
      <Filter>Header Files\UI</Filter>
    </ClInclude>
    <ClInclude Include="Header\UI\node_pool_header.h">
      <Filter>Header Files\UI</Filter>
    </ClInclude>
    <ClInclude Include="Header\UI\NodeWidgetLabel.h">
      <Filter>Header Files\UI</Filter>
    </ClInclude>
    <ClInclude Include="Header\UI\NodeWidgetLayerConfigLabel.h">
      <Filter>Header Files\UI</Filter>
    </ClInclude>
    <ClInclude Include="Header\UI\ObjectData.h">
      <Filter>Header Files\UI</Filter>
    </ClInclude>
    <ClInclude Include="Header\UI\ObjectTab.h">
      <Filter>Header Files\UI</Filter>
    </ClInclude>
    <ClInclude Include="Header\UI\PlayerWidget.h">
      <Filter>Header Files\UI</Filter>
    </ClInclude>
    <ClInclude Include="Header\UI\SceneTab.h">
      <Filter>Header Files\UI</Filter>
    </ClInclude>
    <ClInclude Include="Header\UI\SceneTabEntry.h">
      <Filter>Header Files\UI</Filter>
    </ClInclude>
    <ClInclude Include="Header\UI\SceneTabEntryResponder.h">
      <Filter>Header Files\UI</Filter>
    </ClInclude>
    <ClInclude Include="Header\UI\Separator.h">
      <Filter>Header Files\UI</Filter>
    </ClInclude>
    <ClInclude Include="Header\UI\SeparatorContainer.h">
      <Filter>Header Files\UI</Filter>
    </ClInclude>
    <ClInclude Include="Header\UI\SeparatorResponder.h">
      <Filter>Header Files\UI</Filter>
    </ClInclude>
    <ClInclude Include="Header\UI\SimpleEntry.h">
      <Filter>Header Files\UI</Filter>
    </ClInclude>
    <ClInclude Include="Header\UI\StackedWidget.h">
      <Filter>Header Files\UI</Filter>
    </ClInclude>
    <ClInclude Include="Header\UI\stb_header.h">
      <Filter>Header Files\UI</Filter>
    </ClInclude>
    <ClInclude Include="Header\UI\SulfurLayerNodeWidget.h">
      <Filter>Header Files\UI</Filter>
    </ClInclude>
    <ClInclude Include="Header\UI\TabEntry.h">
      <Filter>Header Files\UI</Filter>
    </ClInclude>
    <ClInclude Include="Header\UI\TabOption.h">
      <Filter>Header Files\UI</Filter>
    </ClInclude>
    <ClInclude Include="Header\UI\TimeMachineResponder.h">
      <Filter>Header Files\UI</Filter>
    </ClInclude>
    <ClInclude Include="Header\UI\UIModel.h">
      <Filter>Header Files\UI</Filter>
    </ClInclude>
    <ClInclude Include="Header\UI\DisplayPanel.h">
      <Filter>Header Files\UI</Filter>
    </ClInclude>
  </ItemGroup>
  <ItemGroup>
    <None Include="resources\shaders\tri_shader.frag">
      <Filter>Resource Files\shaders</Filter>
    </None>
    <None Include="resources\shaders\tri_shader.vert">
      <Filter>Resource Files\shaders</Filter>
    </None>
    <None Include="resources\shaders\grid_shader.frag">
      <Filter>Resource Files\shaders</Filter>
    </None>
    <None Include="resources\shaders\grid_shader.vert">
      <Filter>Resource Files\shaders</Filter>
    </None>
    <None Include="resources\shaders\common_shader.frag">
      <Filter>Resource Files\shaders</Filter>
    </None>
    <None Include="resources\shaders\common_shader.vert">
      <Filter>Resource Files\shaders</Filter>
    </None>
    <None Include="svpng.inc">
      <Filter>Header Files</Filter>
    </None>
    <None Include="sampler_shader.vert">
      <Filter>Resource Files\shaders</Filter>
    </None>
    <None Include="sampler_shader.frag">
      <Filter>Resource Files\shaders</Filter>
    </None>
    <None Include="canvas.css">
      <Filter>Resource Files\styles</Filter>
    </None>
    <None Include="control_selector.css">
      <Filter>Resource Files\styles</Filter>
    </None>
    <None Include="controller_panel_style.css">
      <Filter>Resource Files\styles</Filter>
    </None>
    <None Include="env_tab.css">
      <Filter>Resource Files\styles</Filter>
    </None>
    <None Include="float_edit_edit.css">
      <Filter>Resource Files\styles</Filter>
    </None>
    <None Include="float_edit_hover.css">
      <Filter>Resource Files\styles</Filter>
    </None>
    <None Include="float_edit_idle.css">
      <Filter>Resource Files\styles</Filter>
    </None>
    <None Include="float_progressbar.css">
      <Filter>Resource Files\styles</Filter>
    </None>
    <None Include="header.css">
      <Filter>Resource Files\styles</Filter>
    </None>
    <None Include="node_data_button.css">
      <Filter>Resource Files\styles</Filter>
    </None>
    <None Include="node_editor.css">
      <Filter>Resource Files\styles</Filter>
    </None>
    <None Include="node_widget.css">
      <Filter>Resource Files\styles</Filter>
    </None>
    <None Include="our_father.css">
      <Filter>Resource Files\styles</Filter>
    </None>
    <None Include="player_widget.css">
      <Filter>Resource Files\styles</Filter>
    </None>
    <None Include="selector_button_active.css">
      <Filter>Resource Files\styles</Filter>
    </None>
    <None Include="tabentry.css">
      <Filter>Resource Files\styles</Filter>
    </None>
    <None Include="time_machine_identifier.css">
      <Filter>Resource Files\styles</Filter>
    </None>
    <None Include="file_selector_style.css">
      <Filter>Resource Files\styles</Filter>
    </None>
    <None Include="header_tab_style.css">
      <Filter>Resource Files\styles</Filter>
    </None>
    <None Include="header_tab_style_hover.css">
      <Filter>Resource Files\styles</Filter>
    </None>
    <None Include="labeled_combo_box_style.css">
      <Filter>Resource Files\styles</Filter>
    </None>
    <None Include="layer_tab_style.css">
      <Filter>Resource Files\styles</Filter>
    </None>
    <None Include="node_editor_panel_style.css">
      <Filter>Resource Files\styles</Filter>
    </None>
    <None Include="node_widget_label_style.css">
      <Filter>Resource Files\styles</Filter>
    </None>
    <None Include="obejct_tab.css">
      <Filter>Resource Files\styles</Filter>
    </None>
    <None Include="scene.css">
      <Filter>Resource Files\styles</Filter>
    </None>
    <None Include="node_widget_line_editor_style.css">
      <Filter>Resource Files\styles</Filter>
    </None>
    <None Include="node_widget_palette_style.css">
      <Filter>Resource Files\styles</Filter>
    </None>
    <None Include="strings.json">
      <Filter>Resource Files</Filter>
    </None>
    <None Include="resources\shaders\example_shader.frag">
      <Filter>Resource Files\shaders</Filter>
    </None>
    <None Include="resources\shaders\example_shader.vert">
      <Filter>Resource Files\shaders</Filter>
    </None>
    <None Include="bake_tab.css">
      <Filter>Resource Files\styles</Filter>
    </None>
  </ItemGroup>
  <ItemGroup>
    <QtMoc Include="Header\UI\Canvas.h">
      <Filter>Header Files\UI</Filter>
    </QtMoc>
    <QtMoc Include="Header\UI\TimeMachineIdentifier.h">
      <Filter>Header Files\UI</Filter>
    </QtMoc>
  </ItemGroup>
</Project>